
Microsoft Visual Studio Solution File, Format Version 12.00
# Visual Studio Version 16
VisualStudioVersion = 16.0.31605.320
MinimumVisualStudioVersion = 10.0.40219.1
Project("{FAE04EC0-301F-11D3-BF4B-00C04F79EFBC}") = "ConsoleApp14", "ConsoleApp14\ConsoleApp14.csproj", "{264B2FFF-3970-4E96-9721-EF9895906FC7}"
EndProject
Global
	GlobalSection(SolutionConfigurationPlatforms) = preSolution
		Debug|Any CPU = Debug|Any CPU
		Release|Any CPU = Release|Any CPU
	EndGlobalSection
	GlobalSection(ProjectConfigurationPlatforms) = postSolution
		{264B2FFF-3970-4E96-9721-EF9895906FC7}.Debug|Any CPU.ActiveCfg = Debug|Any CPU
		{264B2FFF-3970-4E96-9721-EF9895906FC7}.Debug|Any CPU.Build.0 = Debug|Any CPU
		{264B2FFF-3970-4E96-9721-EF9895906FC7}.Release|Any CPU.ActiveCfg = Release|Any CPU
		{264B2FFF-3970-4E96-9721-EF9895906FC7}.Release|Any CPU.Build.0 = Release|Any CPU
	EndGlobalSection
	GlobalSection(SolutionProperties) = preSolution
		HideSolutionNode = FALSE
	EndGlobalSection
	GlobalSection(ExtensibilityGlobals) = postSolution
		SolutionGuid = {70819B12-30BA-4050-A738-E68852C85943}
	EndGlobalSection
EndGlobal
